
Microsoft Visual Studio Solution File, Format Version 12.00
# Visual Studio Version 16
VisualStudioVersion = 16.0.29519.87
MinimumVisualStudioVersion = 10.0.40219.1
Project("{FAE04EC0-301F-11D3-BF4B-00C04F79EFBC}") = "Travelport.Smartpoint.SampleWebConnectorPlugin", "Travelport.Smartpoint.SampleWebConnectorPlugin\Travelport.Smartpoint.SampleWebConnectorPlugin.csproj", "{B50F2460-12ED-4329-8BFE-1AF673646C81}"
EndProject
Global
	GlobalSection(SolutionConfigurationPlatforms) = preSolution
		Debug|Any CPU = Debug|Any CPU
		Debug|x64 = Debug|x64
		Debug|x86 = Debug|x86
		Release|Any CPU = Release|Any CPU
		Release|x64 = Release|x64
		Release|x86 = Release|x86
	EndGlobalSection
	GlobalSection(ProjectConfigurationPlatforms) = postSolution
		{B50F2460-12ED-4329-8BFE-1AF673646C81}.Debug|Any CPU.ActiveCfg = Debug|Any CPU
		{B50F2460-12ED-4329-8BFE-1AF673646C81}.Debug|Any CPU.Build.0 = Debug|Any CPU
		{B50F2460-12ED-4329-8BFE-1AF673646C81}.Debug|x64.ActiveCfg = Debug|x64
		{B50F2460-12ED-4329-8BFE-1AF673646C81}.Debug|x64.Build.0 = Debug|x64
		{B50F2460-12ED-4329-8BFE-1AF673646C81}.Debug|x86.ActiveCfg = Debug|x86
		{B50F2460-12ED-4329-8BFE-1AF673646C81}.Debug|x86.Build.0 = Debug|x86
		{B50F2460-12ED-4329-8BFE-1AF673646C81}.Release|Any CPU.ActiveCfg = Release|Any CPU
		{B50F2460-12ED-4329-8BFE-1AF673646C81}.Release|Any CPU.Build.0 = Release|Any CPU
		{B50F2460-12ED-4329-8BFE-1AF673646C81}.Release|x64.ActiveCfg = Release|x64
		{B50F2460-12ED-4329-8BFE-1AF673646C81}.Release|x64.Build.0 = Release|x64
		{B50F2460-12ED-4329-8BFE-1AF673646C81}.Release|x86.ActiveCfg = Release|x86
		{B50F2460-12ED-4329-8BFE-1AF673646C81}.Release|x86.Build.0 = Release|x86
	EndGlobalSection
	GlobalSection(SolutionProperties) = preSolution
		HideSolutionNode = FALSE
	EndGlobalSection
	GlobalSection(ExtensibilityGlobals) = postSolution
		SolutionGuid = {26850C96-1C6F-4B45-B7A1-2BB6E2472667}
	EndGlobalSection
EndGlobal
